
Microsoft Visual Studio Solution File, Format Version 12.00
# Visual Studio 15
VisualStudioVersion = 15.0.26124.0
MinimumVisualStudioVersion = 15.0.26124.0
Project("{2150E333-8FDC-42A3-9474-1A3956D46DE8}") = "src", "src", "{0AD9B4AE-CE56-488D-AC82-8309C88FED9A}"
EndProject
Project("{FAE04EC0-301F-11D3-BF4B-00C04F79EFBC}") = "PharmaAccess.Api", "src\PharmaAccess.Api\PharmaAccess.Api.csproj", "{EC3CD4B4-12BB-41FD-B0EE-00B8219DBECB}"
EndProject
Project("{FAE04EC0-301F-11D3-BF4B-00C04F79EFBC}") = "PharmaAccess.Application", "src\PharmaAccess.Application\PharmaAccess.Application.csproj", "{034F9182-B0C6-4CB4-8E86-C1B4DAF01F1E}"
EndProject
Project("{FAE04EC0-301F-11D3-BF4B-00C04F79EFBC}") = "PharmaAccess.Causal", "src\PharmaAccess.Causal\PharmaAccess.Causal.csproj", "{08B3C6C1-5CFA-4B52-BC4C-D5D76666A736}"
EndProject
Project("{FAE04EC0-301F-11D3-BF4B-00C04F79EFBC}") = "PharmaAccess.Data", "src\PharmaAccess.Data\PharmaAccess.Data.csproj", "{12C89504-CD2C-4F06-AFB8-0F99CCEA510A}"
EndProject
Project("{FAE04EC0-301F-11D3-BF4B-00C04F79EFBC}") = "PharmaAccess.Domain", "src\PharmaAccess.Domain\PharmaAccess.Domain.csproj", "{288FD2B6-B439-4411-ACE8-AEC26EF5FABA}"
EndProject
Project("{FAE04EC0-301F-11D3-BF4B-00C04F79EFBC}") = "PharmaAccess.Infrastructure", "src\PharmaAccess.Infrastructure\PharmaAccess.Infrastructure.csproj", "{99E42155-A267-4FCF-81CD-8174161F2616}"
EndProject
Project("{FAE04EC0-301F-11D3-BF4B-00C04F79EFBC}") = "PharmaAccess.Llm", "src\PharmaAccess.Llm\PharmaAccess.Llm.csproj", "{8B3AB6E2-DD25-4180-9018-BFF6DC068EE6}"
EndProject
Project("{FAE04EC0-301F-11D3-BF4B-00C04F79EFBC}") = "PharmaAccess.ML", "src\PharmaAccess.ML\PharmaAccess.ML.csproj", "{618D2CFA-F9D9-4639-9993-C48B9F82C041}"
EndProject
Project("{FAE04EC0-301F-11D3-BF4B-00C04F79EFBC}") = "PharmaAccess.Web", "src\PharmaAccess.Web\PharmaAccess.Web.csproj", "{F730CB6A-9826-43DA-9EF2-6C890201B352}"
EndProject
Project("{FAE04EC0-301F-11D3-BF4B-00C04F79EFBC}") = "PharmaAccess.Worker", "src\PharmaAccess.Worker\PharmaAccess.Worker.csproj", "{BE97A429-0F66-47DA-B4C9-25A1B9E06954}"
EndProject
Project("{2150E333-8FDC-42A3-9474-1A3956D46DE8}") = "tests", "tests", "{CDD0DBF0-60E1-4334-949F-D50A77DCBCDA}"
EndProject
Project("{FAE04EC0-301F-11D3-BF4B-00C04F79EFBC}") = "PharmaAccess.Api.IntegrationTests", "tests\PharmaAccess.Api.IntegrationTests\PharmaAccess.Api.IntegrationTests.csproj", "{C6630531-F0C1-47C3-8F3A-920802FEF747}"
EndProject
Project("{FAE04EC0-301F-11D3-BF4B-00C04F79EFBC}") = "PharmaAccess.Application.Tests", "tests\PharmaAccess.Application.Tests\PharmaAccess.Application.Tests.csproj", "{6FFFCA91-D9F7-4426-8986-60634A31816C}"
EndProject
Project("{FAE04EC0-301F-11D3-BF4B-00C04F79EFBC}") = "PharmaAccess.Causal.Tests", "tests\PharmaAccess.Causal.Tests\PharmaAccess.Causal.Tests.csproj", "{CF40752C-2995-40A7-98E3-2F147056F4D4}"
EndProject
Project("{FAE04EC0-301F-11D3-BF4B-00C04F79EFBC}") = "PharmaAccess.Data.Tests", "tests\PharmaAccess.Data.Tests\PharmaAccess.Data.Tests.csproj", "{1C119B34-0888-457E-A8FA-43E3F1B1E701}"
EndProject
Project("{FAE04EC0-301F-11D3-BF4B-00C04F79EFBC}") = "PharmaAccess.Domain.Tests", "tests\PharmaAccess.Domain.Tests\PharmaAccess.Domain.Tests.csproj", "{052E8E70-B5B1-4D48-A7CA-8D3263D72288}"
EndProject
Project("{FAE04EC0-301F-11D3-BF4B-00C04F79EFBC}") = "PharmaAccess.Llm.Tests", "tests\PharmaAccess.Llm.Tests\PharmaAccess.Llm.Tests.csproj", "{AD3FCD62-A9EE-4734-97D9-4CF10BDF8D25}"
EndProject
Project("{FAE04EC0-301F-11D3-BF4B-00C04F79EFBC}") = "PharmaAccess.ML.Tests", "tests\PharmaAccess.ML.Tests\PharmaAccess.ML.Tests.csproj", "{02F42993-F05D-4AA5-8836-E5FEE335FE26}"
EndProject
Global
	GlobalSection(SolutionConfigurationPlatforms) = preSolution
		Debug|Any CPU = Debug|Any CPU
		Debug|x64 = Debug|x64
		Debug|x86 = Debug|x86
		Release|Any CPU = Release|Any CPU
		Release|x64 = Release|x64
		Release|x86 = Release|x86
	EndGlobalSection
	GlobalSection(SolutionProperties) = preSolution
		HideSolutionNode = FALSE
	EndGlobalSection
	GlobalSection(ProjectConfigurationPlatforms) = postSolution
		{EC3CD4B4-12BB-41FD-B0EE-00B8219DBECB}.Debug|Any CPU.ActiveCfg = Debug|Any CPU
		{EC3CD4B4-12BB-41FD-B0EE-00B8219DBECB}.Debug|Any CPU.Build.0 = Debug|Any CPU
		{EC3CD4B4-12BB-41FD-B0EE-00B8219DBECB}.Debug|x64.ActiveCfg = Debug|Any CPU
		{EC3CD4B4-12BB-41FD-B0EE-00B8219DBECB}.Debug|x64.Build.0 = Debug|Any CPU
		{EC3CD4B4-12BB-41FD-B0EE-00B8219DBECB}.Debug|x86.ActiveCfg = Debug|Any CPU
		{EC3CD4B4-12BB-41FD-B0EE-00B8219DBECB}.Debug|x86.Build.0 = Debug|Any CPU
		{EC3CD4B4-12BB-41FD-B0EE-00B8219DBECB}.Release|Any CPU.ActiveCfg = Release|Any CPU
		{EC3CD4B4-12BB-41FD-B0EE-00B8219DBECB}.Release|Any CPU.Build.0 = Release|Any CPU
		{EC3CD4B4-12BB-41FD-B0EE-00B8219DBECB}.Release|x64.ActiveCfg = Release|Any CPU
		{EC3CD4B4-12BB-41FD-B0EE-00B8219DBECB}.Release|x64.Build.0 = Release|Any CPU
		{EC3CD4B4-12BB-41FD-B0EE-00B8219DBECB}.Release|x86.ActiveCfg = Release|Any CPU
		{EC3CD4B4-12BB-41FD-B0EE-00B8219DBECB}.Release|x86.Build.0 = Release|Any CPU
		{034F9182-B0C6-4CB4-8E86-C1B4DAF01F1E}.Debug|Any CPU.ActiveCfg = Debug|Any CPU
		{034F9182-B0C6-4CB4-8E86-C1B4DAF01F1E}.Debug|Any CPU.Build.0 = Debug|Any CPU
		{034F9182-B0C6-4CB4-8E86-C1B4DAF01F1E}.Debug|x64.ActiveCfg = Debug|Any CPU
		{034F9182-B0C6-4CB4-8E86-C1B4DAF01F1E}.Debug|x64.Build.0 = Debug|Any CPU
		{034F9182-B0C6-4CB4-8E86-C1B4DAF01F1E}.Debug|x86.ActiveCfg = Debug|Any CPU
		{034F9182-B0C6-4CB4-8E86-C1B4DAF01F1E}.Debug|x86.Build.0 = Debug|Any CPU
		{034F9182-B0C6-4CB4-8E86-C1B4DAF01F1E}.Release|Any CPU.ActiveCfg = Release|Any CPU
		{034F9182-B0C6-4CB4-8E86-C1B4DAF01F1E}.Release|Any CPU.Build.0 = Release|Any CPU
		{034F9182-B0C6-4CB4-8E86-C1B4DAF01F1E}.Release|x64.ActiveCfg = Release|Any CPU
		{034F9182-B0C6-4CB4-8E86-C1B4DAF01F1E}.Release|x64.Build.0 = Release|Any CPU
		{034F9182-B0C6-4CB4-8E86-C1B4DAF01F1E}.Release|x86.ActiveCfg = Release|Any CPU
		{034F9182-B0C6-4CB4-8E86-C1B4DAF01F1E}.Release|x86.Build.0 = Release|Any CPU
		{08B3C6C1-5CFA-4B52-BC4C-D5D76666A736}.Debug|Any CPU.ActiveCfg = Debug|Any CPU
		{08B3C6C1-5CFA-4B52-BC4C-D5D76666A736}.Debug|Any CPU.Build.0 = Debug|Any CPU
		{08B3C6C1-5CFA-4B52-BC4C-D5D76666A736}.Debug|x64.ActiveCfg = Debug|Any CPU
		{08B3C6C1-5CFA-4B52-BC4C-D5D76666A736}.Debug|x64.Build.0 = Debug|Any CPU
		{08B3C6C1-5CFA-4B52-BC4C-D5D76666A736}.Debug|x86.ActiveCfg = Debug|Any CPU
		{08B3C6C1-5CFA-4B52-BC4C-D5D76666A736}.Debug|x86.Build.0 = Debug|Any CPU
		{08B3C6C1-5CFA-4B52-BC4C-D5D76666A736}.Release|Any CPU.ActiveCfg = Release|Any CPU
		{08B3C6C1-5CFA-4B52-BC4C-D5D76666A736}.Release|Any CPU.Build.0 = Release|Any CPU
		{08B3C6C1-5CFA-4B52-BC4C-D5D76666A736}.Release|x64.ActiveCfg = Release|Any CPU
		{08B3C6C1-5CFA-4B52-BC4C-D5D76666A736}.Release|x64.Build.0 = Release|Any CPU
		{08B3C6C1-5CFA-4B52-BC4C-D5D76666A736}.Release|x86.ActiveCfg = Release|Any CPU
		{08B3C6C1-5CFA-4B52-BC4C-D5D76666A736}.Release|x86.Build.0 = Release|Any CPU
		{12C89504-CD2C-4F06-AFB8-0F99CCEA510A}.Debug|Any CPU.ActiveCfg = Debug|Any CPU
		{12C89504-CD2C-4F06-AFB8-0F99CCEA510A}.Debug|Any CPU.Build.0 = Debug|Any CPU
		{12C89504-CD2C-4F06-AFB8-0F99CCEA510A}.Debug|x64.ActiveCfg = Debug|Any CPU
		{12C89504-CD2C-4F06-AFB8-0F99CCEA510A}.Debug|x64.Build.0 = Debug|Any CPU
		{12C89504-CD2C-4F06-AFB8-0F99CCEA510A}.Debug|x86.ActiveCfg = Debug|Any CPU
		{12C89504-CD2C-4F06-AFB8-0F99CCEA510A}.Debug|x86.Build.0 = Debug|Any CPU
		{12C89504-CD2C-4F06-AFB8-0F99CCEA510A}.Release|Any CPU.ActiveCfg = Release|Any CPU
		{12C89504-CD2C-4F06-AFB8-0F99CCEA510A}.Release|Any CPU.Build.0 = Release|Any CPU
		{12C89504-CD2C-4F06-AFB8-0F99CCEA510A}.Release|x64.ActiveCfg = Release|Any CPU
		{12C89504-CD2C-4F06-AFB8-0F99CCEA510A}.Release|x64.Build.0 = Release|Any CPU
		{12C89504-CD2C-4F06-AFB8-0F99CCEA510A}.Release|x86.ActiveCfg = Release|Any CPU
		{12C89504-CD2C-4F06-AFB8-0F99CCEA510A}.Release|x86.Build.0 = Release|Any CPU
		{288FD2B6-B439-4411-ACE8-AEC26EF5FABA}.Debug|Any CPU.ActiveCfg = Debug|Any CPU
		{288FD2B6-B439-4411-ACE8-AEC26EF5FABA}.Debug|Any CPU.Build.0 = Debug|Any CPU
		{288FD2B6-B439-4411-ACE8-AEC26EF5FABA}.Debug|x64.ActiveCfg = Debug|Any CPU
		{288FD2B6-B439-4411-ACE8-AEC26EF5FABA}.Debug|x64.Build.0 = Debug|Any CPU
		{288FD2B6-B439-4411-ACE8-AEC26EF5FABA}.Debug|x86.ActiveCfg = Debug|Any CPU
		{288FD2B6-B439-4411-ACE8-AEC26EF5FABA}.Debug|x86.Build.0 = Debug|Any CPU
		{288FD2B6-B439-4411-ACE8-AEC26EF5FABA}.Release|Any CPU.ActiveCfg = Release|Any CPU
		{288FD2B6-B439-4411-ACE8-AEC26EF5FABA}.Release|Any CPU.Build.0 = Release|Any CPU
		{288FD2B6-B439-4411-ACE8-AEC26EF5FABA}.Release|x64.ActiveCfg = Release|Any CPU
		{288FD2B6-B439-4411-ACE8-AEC26EF5FABA}.Release|x64.Build.0 = Release|Any CPU
		{288FD2B6-B439-4411-ACE8-AEC26EF5FABA}.Release|x86.ActiveCfg = Release|Any CPU
		{288FD2B6-B439-4411-ACE8-AEC26EF5FABA}.Release|x86.Build.0 = Release|Any CPU
		{99E42155-A267-4FCF-81CD-8174161F2616}.Debug|Any CPU.ActiveCfg = Debug|Any CPU
		{99E42155-A267-4FCF-81CD-8174161F2616}.Debug|Any CPU.Build.0 = Debug|Any CPU
		{99E42155-A267-4FCF-81CD-8174161F2616}.Debug|x64.ActiveCfg = Debug|Any CPU
		{99E42155-A267-4FCF-81CD-8174161F2616}.Debug|x64.Build.0 = Debug|Any CPU
		{99E42155-A267-4FCF-81CD-8174161F2616}.Debug|x86.ActiveCfg = Debug|Any CPU
		{99E42155-A267-4FCF-81CD-8174161F2616}.Debug|x86.Build.0 = Debug|Any CPU
		{99E42155-A267-4FCF-81CD-8174161F2616}.Release|Any CPU.ActiveCfg = Release|Any CPU
		{99E42155-A267-4FCF-81CD-8174161F2616}.Release|Any CPU.Build.0 = Release|Any CPU
		{99E42155-A267-4FCF-81CD-8174161F2616}.Release|x64.ActiveCfg = Release|Any CPU
		{99E42155-A267-4FCF-81CD-8174161F2616}.Release|x64.Build.0 = Release|Any CPU
		{99E42155-A267-4FCF-81CD-8174161F2616}.Release|x86.ActiveCfg = Release|Any CPU
		{99E42155-A267-4FCF-81CD-8174161F2616}.Release|x86.Build.0 = Release|Any CPU
		{8B3AB6E2-DD25-4180-9018-BFF6DC068EE6}.Debug|Any CPU.ActiveCfg = Debug|Any CPU
		{8B3AB6E2-DD25-4180-9018-BFF6DC068EE6}.Debug|Any CPU.Build.0 = Debug|Any CPU
		{8B3AB6E2-DD25-4180-9018-BFF6DC068EE6}.Debug|x64.ActiveCfg = Debug|Any CPU
		{8B3AB6E2-DD25-4180-9018-BFF6DC068EE6}.Debug|x64.Build.0 = Debug|Any CPU
		{8B3AB6E2-DD25-4180-9018-BFF6DC068EE6}.Debug|x86.ActiveCfg = Debug|Any CPU
		{8B3AB6E2-DD25-4180-9018-BFF6DC068EE6}.Debug|x86.Build.0 = Debug|Any CPU
		{8B3AB6E2-DD25-4180-9018-BFF6DC068EE6}.Release|Any CPU.ActiveCfg = Release|Any CPU
		{8B3AB6E2-DD25-4180-9018-BFF6DC068EE6}.Release|Any CPU.Build.0 = Release|Any CPU
		{8B3AB6E2-DD25-4180-9018-BFF6DC068EE6}.Release|x64.ActiveCfg = Release|Any CPU
		{8B3AB6E2-DD25-4180-9018-BFF6DC068EE6}.Release|x64.Build.0 = Release|Any CPU
		{8B3AB6E2-DD25-4180-9018-BFF6DC068EE6}.Release|x86.ActiveCfg = Release|Any CPU
		{8B3AB6E2-DD25-4180-9018-BFF6DC068EE6}.Release|x86.Build.0 = Release|Any CPU
		{618D2CFA-F9D9-4639-9993-C48B9F82C041}.Debug|Any CPU.ActiveCfg = Debug|Any CPU
		{618D2CFA-F9D9-4639-9993-C48B9F82C041}.Debug|Any CPU.Build.0 = Debug|Any CPU
		{618D2CFA-F9D9-4639-9993-C48B9F82C041}.Debug|x64.ActiveCfg = Debug|Any CPU
		{618D2CFA-F9D9-4639-9993-C48B9F82C041}.Debug|x64.Build.0 = Debug|Any CPU
		{618D2CFA-F9D9-4639-9993-C48B9F82C041}.Debug|x86.ActiveCfg = Debug|Any CPU
		{618D2CFA-F9D9-4639-9993-C48B9F82C041}.Debug|x86.Build.0 = Debug|Any CPU
		{618D2CFA-F9D9-4639-9993-C48B9F82C041}.Release|Any CPU.ActiveCfg = Release|Any CPU
		{618D2CFA-F9D9-4639-9993-C48B9F82C041}.Release|Any CPU.Build.0 = Release|Any CPU
		{618D2CFA-F9D9-4639-9993-C48B9F82C041}.Release|x64.ActiveCfg = Release|Any CPU
		{618D2CFA-F9D9-4639-9993-C48B9F82C041}.Release|x64.Build.0 = Release|Any CPU
		{618D2CFA-F9D9-4639-9993-C48B9F82C041}.Release|x86.ActiveCfg = Release|Any CPU
		{618D2CFA-F9D9-4639-9993-C48B9F82C041}.Release|x86.Build.0 = Release|Any CPU
		{F730CB6A-9826-43DA-9EF2-6C890201B352}.Debug|Any CPU.ActiveCfg = Debug|Any CPU
		{F730CB6A-9826-43DA-9EF2-6C890201B352}.Debug|Any CPU.Build.0 = Debug|Any CPU
		{F730CB6A-9826-43DA-9EF2-6C890201B352}.Debug|x64.ActiveCfg = Debug|Any CPU
		{F730CB6A-9826-43DA-9EF2-6C890201B352}.Debug|x64.Build.0 = Debug|Any CPU
		{F730CB6A-9826-43DA-9EF2-6C890201B352}.Debug|x86.ActiveCfg = Debug|Any CPU
		{F730CB6A-9826-43DA-9EF2-6C890201B352}.Debug|x86.Build.0 = Debug|Any CPU
		{F730CB6A-9826-43DA-9EF2-6C890201B352}.Release|Any CPU.ActiveCfg = Release|Any CPU
		{F730CB6A-9826-43DA-9EF2-6C890201B352}.Release|Any CPU.Build.0 = Release|Any CPU
		{F730CB6A-9826-43DA-9EF2-6C890201B352}.Release|x64.ActiveCfg = Release|Any CPU
		{F730CB6A-9826-43DA-9EF2-6C890201B352}.Release|x64.Build.0 = Release|Any CPU
		{F730CB6A-9826-43DA-9EF2-6C890201B352}.Release|x86.ActiveCfg = Release|Any CPU
		{F730CB6A-9826-43DA-9EF2-6C890201B352}.Release|x86.Build.0 = Release|Any CPU
		{BE97A429-0F66-47DA-B4C9-25A1B9E06954}.Debug|Any CPU.ActiveCfg = Debug|Any CPU
		{BE97A429-0F66-47DA-B4C9-25A1B9E06954}.Debug|Any CPU.Build.0 = Debug|Any CPU
		{BE97A429-0F66-47DA-B4C9-25A1B9E06954}.Debug|x64.ActiveCfg = Debug|Any CPU
		{BE97A429-0F66-47DA-B4C9-25A1B9E06954}.Debug|x64.Build.0 = Debug|Any CPU
		{BE97A429-0F66-47DA-B4C9-25A1B9E06954}.Debug|x86.ActiveCfg = Debug|Any CPU
		{BE97A429-0F66-47DA-B4C9-25A1B9E06954}.Debug|x86.Build.0 = Debug|Any CPU
		{BE97A429-0F66-47DA-B4C9-25A1B9E06954}.Release|Any CPU.ActiveCfg = Release|Any CPU
		{BE97A429-0F66-47DA-B4C9-25A1B9E06954}.Release|Any CPU.Build.0 = Release|Any CPU
		{BE97A429-0F66-47DA-B4C9-25A1B9E06954}.Release|x64.ActiveCfg = Release|Any CPU
		{BE97A429-0F66-47DA-B4C9-25A1B9E06954}.Release|x64.Build.0 = Release|Any CPU
		{BE97A429-0F66-47DA-B4C9-25A1B9E06954}.Release|x86.ActiveCfg = Release|Any CPU
		{BE97A429-0F66-47DA-B4C9-25A1B9E06954}.Release|x86.Build.0 = Release|Any CPU
		{C6630531-F0C1-47C3-8F3A-920802FEF747}.Debug|Any CPU.ActiveCfg = Debug|Any CPU
		{C6630531-F0C1-47C3-8F3A-920802FEF747}.Debug|Any CPU.Build.0 = Debug|Any CPU
		{C6630531-F0C1-47C3-8F3A-920802FEF747}.Debug|x64.ActiveCfg = Debug|Any CPU
		{C6630531-F0C1-47C3-8F3A-920802FEF747}.Debug|x64.Build.0 = Debug|Any CPU
		{C6630531-F0C1-47C3-8F3A-920802FEF747}.Debug|x86.ActiveCfg = Debug|Any CPU
		{C6630531-F0C1-47C3-8F3A-920802FEF747}.Debug|x86.Build.0 = Debug|Any CPU
		{C6630531-F0C1-47C3-8F3A-920802FEF747}.Release|Any CPU.ActiveCfg = Release|Any CPU
		{C6630531-F0C1-47C3-8F3A-920802FEF747}.Release|Any CPU.Build.0 = Release|Any CPU
		{C6630531-F0C1-47C3-8F3A-920802FEF747}.Release|x64.ActiveCfg = Release|Any CPU
		{C6630531-F0C1-47C3-8F3A-920802FEF747}.Release|x64.Build.0 = Release|Any CPU
		{C6630531-F0C1-47C3-8F3A-920802FEF747}.Release|x86.ActiveCfg = Release|Any CPU
		{C6630531-F0C1-47C3-8F3A-920802FEF747}.Release|x86.Build.0 = Release|Any CPU
		{6FFFCA91-D9F7-4426-8986-60634A31816C}.Debug|Any CPU.ActiveCfg = Debug|Any CPU
		{6FFFCA91-D9F7-4426-8986-60634A31816C}.Debug|Any CPU.Build.0 = Debug|Any CPU
		{6FFFCA91-D9F7-4426-8986-60634A31816C}.Debug|x64.ActiveCfg = Debug|Any CPU
		{6FFFCA91-D9F7-4426-8986-60634A31816C}.Debug|x64.Build.0 = Debug|Any CPU
		{6FFFCA91-D9F7-4426-8986-60634A31816C}.Debug|x86.ActiveCfg = Debug|Any CPU
		{6FFFCA91-D9F7-4426-8986-60634A31816C}.Debug|x86.Build.0 = Debug|Any CPU
		{6FFFCA91-D9F7-4426-8986-60634A31816C}.Release|Any CPU.ActiveCfg = Release|Any CPU
		{6FFFCA91-D9F7-4426-8986-60634A31816C}.Release|Any CPU.Build.0 = Release|Any CPU
		{6FFFCA91-D9F7-4426-8986-60634A31816C}.Release|x64.ActiveCfg = Release|Any CPU
		{6FFFCA91-D9F7-4426-8986-60634A31816C}.Release|x64.Build.0 = Release|Any CPU
		{6FFFCA91-D9F7-4426-8986-60634A31816C}.Release|x86.ActiveCfg = Release|Any CPU
		{6FFFCA91-D9F7-4426-8986-60634A31816C}.Release|x86.Build.0 = Release|Any CPU
		{CF40752C-2995-40A7-98E3-2F147056F4D4}.Debug|Any CPU.ActiveCfg = Debug|Any CPU
		{CF40752C-2995-40A7-98E3-2F147056F4D4}.Debug|Any CPU.Build.0 = Debug|Any CPU
		{CF40752C-2995-40A7-98E3-2F147056F4D4}.Debug|x64.ActiveCfg = Debug|Any CPU
		{CF40752C-2995-40A7-98E3-2F147056F4D4}.Debug|x64.Build.0 = Debug|Any CPU
		{CF40752C-2995-40A7-98E3-2F147056F4D4}.Debug|x86.ActiveCfg = Debug|Any CPU
		{CF40752C-2995-40A7-98E3-2F147056F4D4}.Debug|x86.Build.0 = Debug|Any CPU
		{CF40752C-2995-40A7-98E3-2F147056F4D4}.Release|Any CPU.ActiveCfg = Release|Any CPU
		{CF40752C-2995-40A7-98E3-2F147056F4D4}.Release|Any CPU.Build.0 = Release|Any CPU
		{CF40752C-2995-40A7-98E3-2F147056F4D4}.Release|x64.ActiveCfg = Release|Any CPU
		{CF40752C-2995-40A7-98E3-2F147056F4D4}.Release|x64.Build.0 = Release|Any CPU
		{CF40752C-2995-40A7-98E3-2F147056F4D4}.Release|x86.ActiveCfg = Release|Any CPU
		{CF40752C-2995-40A7-98E3-2F147056F4D4}.Release|x86.Build.0 = Release|Any CPU
		{1C119B34-0888-457E-A8FA-43E3F1B1E701}.Debug|Any CPU.ActiveCfg = Debug|Any CPU
		{1C119B34-0888-457E-A8FA-43E3F1B1E701}.Debug|Any CPU.Build.0 = Debug|Any CPU
		{1C119B34-0888-457E-A8FA-43E3F1B1E701}.Debug|x64.ActiveCfg = Debug|Any CPU
		{1C119B34-0888-457E-A8FA-43E3F1B1E701}.Debug|x64.Build.0 = Debug|Any CPU
		{1C119B34-0888-457E-A8FA-43E3F1B1E701}.Debug|x86.ActiveCfg = Debug|Any CPU
		{1C119B34-0888-457E-A8FA-43E3F1B1E701}.Debug|x86.Build.0 = Debug|Any CPU
		{1C119B34-0888-457E-A8FA-43E3F1B1E701}.Release|Any CPU.ActiveCfg = Release|Any CPU
		{1C119B34-0888-457E-A8FA-43E3F1B1E701}.Release|Any CPU.Build.0 = Release|Any CPU
		{1C119B34-0888-457E-A8FA-43E3F1B1E701}.Release|x64.ActiveCfg = Release|Any CPU
		{1C119B34-0888-457E-A8FA-43E3F1B1E701}.Release|x64.Build.0 = Release|Any CPU
		{1C119B34-0888-457E-A8FA-43E3F1B1E701}.Release|x86.ActiveCfg = Release|Any CPU
		{1C119B34-0888-457E-A8FA-43E3F1B1E701}.Release|x86.Build.0 = Release|Any CPU
		{052E8E70-B5B1-4D48-A7CA-8D3263D72288}.Debug|Any CPU.ActiveCfg = Debug|Any CPU
		{052E8E70-B5B1-4D48-A7CA-8D3263D72288}.Debug|Any CPU.Build.0 = Debug|Any CPU
		{052E8E70-B5B1-4D48-A7CA-8D3263D72288}.Debug|x64.ActiveCfg = Debug|Any CPU
		{052E8E70-B5B1-4D48-A7CA-8D3263D72288}.Debug|x64.Build.0 = Debug|Any CPU
		{052E8E70-B5B1-4D48-A7CA-8D3263D72288}.Debug|x86.ActiveCfg = Debug|Any CPU
		{052E8E70-B5B1-4D48-A7CA-8D3263D72288}.Debug|x86.Build.0 = Debug|Any CPU
		{052E8E70-B5B1-4D48-A7CA-8D3263D72288}.Release|Any CPU.ActiveCfg = Release|Any CPU
		{052E8E70-B5B1-4D48-A7CA-8D3263D72288}.Release|Any CPU.Build.0 = Release|Any CPU
		{052E8E70-B5B1-4D48-A7CA-8D3263D72288}.Release|x64.ActiveCfg = Release|Any CPU
		{052E8E70-B5B1-4D48-A7CA-8D3263D72288}.Release|x64.Build.0 = Release|Any CPU
		{052E8E70-B5B1-4D48-A7CA-8D3263D72288}.Release|x86.ActiveCfg = Release|Any CPU
		{052E8E70-B5B1-4D48-A7CA-8D3263D72288}.Release|x86.Build.0 = Release|Any CPU
		{AD3FCD62-A9EE-4734-97D9-4CF10BDF8D25}.Debug|Any CPU.ActiveCfg = Debug|Any CPU
		{AD3FCD62-A9EE-4734-97D9-4CF10BDF8D25}.Debug|Any CPU.Build.0 = Debug|Any CPU
		{AD3FCD62-A9EE-4734-97D9-4CF10BDF8D25}.Debug|x64.ActiveCfg = Debug|Any CPU
		{AD3FCD62-A9EE-4734-97D9-4CF10BDF8D25}.Debug|x64.Build.0 = Debug|Any CPU
		{AD3FCD62-A9EE-4734-97D9-4CF10BDF8D25}.Debug|x86.ActiveCfg = Debug|Any CPU
		{AD3FCD62-A9EE-4734-97D9-4CF10BDF8D25}.Debug|x86.Build.0 = Debug|Any CPU
		{AD3FCD62-A9EE-4734-97D9-4CF10BDF8D25}.Release|Any CPU.ActiveCfg = Release|Any CPU
		{AD3FCD62-A9EE-4734-97D9-4CF10BDF8D25}.Release|Any CPU.Build.0 = Release|Any CPU
		{AD3FCD62-A9EE-4734-97D9-4CF10BDF8D25}.Release|x64.ActiveCfg = Release|Any CPU
		{AD3FCD62-A9EE-4734-97D9-4CF10BDF8D25}.Release|x64.Build.0 = Release|Any CPU
		{AD3FCD62-A9EE-4734-97D9-4CF10BDF8D25}.Release|x86.ActiveCfg = Release|Any CPU
		{AD3FCD62-A9EE-4734-97D9-4CF10BDF8D25}.Release|x86.Build.0 = Release|Any CPU
		{02F42993-F05D-4AA5-8836-E5FEE335FE26}.Debug|Any CPU.ActiveCfg = Debug|Any CPU
		{02F42993-F05D-4AA5-8836-E5FEE335FE26}.Debug|Any CPU.Build.0 = Debug|Any CPU
		{02F42993-F05D-4AA5-8836-E5FEE335FE26}.Debug|x64.ActiveCfg = Debug|Any CPU
		{02F42993-F05D-4AA5-8836-E5FEE335FE26}.Debug|x64.Build.0 = Debug|Any CPU
		{02F42993-F05D-4AA5-8836-E5FEE335FE26}.Debug|x86.ActiveCfg = Debug|Any CPU
		{02F42993-F05D-4AA5-8836-E5FEE335FE26}.Debug|x86.Build.0 = Debug|Any CPU
		{02F42993-F05D-4AA5-8836-E5FEE335FE26}.Release|Any CPU.ActiveCfg = Release|Any CPU
		{02F42993-F05D-4AA5-8836-E5FEE335FE26}.Release|Any CPU.Build.0 = Release|Any CPU
		{02F42993-F05D-4AA5-8836-E5FEE335FE26}.Release|x64.ActiveCfg = Release|Any CPU
		{02F42993-F05D-4AA5-8836-E5FEE335FE26}.Release|x64.Build.0 = Release|Any CPU
		{02F42993-F05D-4AA5-8836-E5FEE335FE26}.Release|x86.ActiveCfg = Release|Any CPU
		{02F42993-F05D-4AA5-8836-E5FEE335FE26}.Release|x86.Build.0 = Release|Any CPU
	EndGlobalSection
	GlobalSection(NestedProjects) = preSolution
		{EC3CD4B4-12BB-41FD-B0EE-00B8219DBECB} = {0AD9B4AE-CE56-488D-AC82-8309C88FED9A}
		{034F9182-B0C6-4CB4-8E86-C1B4DAF01F1E} = {0AD9B4AE-CE56-488D-AC82-8309C88FED9A}
		{08B3C6C1-5CFA-4B52-BC4C-D5D76666A736} = {0AD9B4AE-CE56-488D-AC82-8309C88FED9A}
		{12C89504-CD2C-4F06-AFB8-0F99CCEA510A} = {0AD9B4AE-CE56-488D-AC82-8309C88FED9A}
		{288FD2B6-B439-4411-ACE8-AEC26EF5FABA} = {0AD9B4AE-CE56-488D-AC82-8309C88FED9A}
		{99E42155-A267-4FCF-81CD-8174161F2616} = {0AD9B4AE-CE56-488D-AC82-8309C88FED9A}
		{8B3AB6E2-DD25-4180-9018-BFF6DC068EE6} = {0AD9B4AE-CE56-488D-AC82-8309C88FED9A}
		{618D2CFA-F9D9-4639-9993-C48B9F82C041} = {0AD9B4AE-CE56-488D-AC82-8309C88FED9A}
		{F730CB6A-9826-43DA-9EF2-6C890201B352} = {0AD9B4AE-CE56-488D-AC82-8309C88FED9A}
		{BE97A429-0F66-47DA-B4C9-25A1B9E06954} = {0AD9B4AE-CE56-488D-AC82-8309C88FED9A}
		{C6630531-F0C1-47C3-8F3A-920802FEF747} = {CDD0DBF0-60E1-4334-949F-D50A77DCBCDA}
		{6FFFCA91-D9F7-4426-8986-60634A31816C} = {CDD0DBF0-60E1-4334-949F-D50A77DCBCDA}
		{CF40752C-2995-40A7-98E3-2F147056F4D4} = {CDD0DBF0-60E1-4334-949F-D50A77DCBCDA}
		{1C119B34-0888-457E-A8FA-43E3F1B1E701} = {CDD0DBF0-60E1-4334-949F-D50A77DCBCDA}
		{052E8E70-B5B1-4D48-A7CA-8D3263D72288} = {CDD0DBF0-60E1-4334-949F-D50A77DCBCDA}
		{AD3FCD62-A9EE-4734-97D9-4CF10BDF8D25} = {CDD0DBF0-60E1-4334-949F-D50A77DCBCDA}
		{02F42993-F05D-4AA5-8836-E5FEE335FE26} = {CDD0DBF0-60E1-4334-949F-D50A77DCBCDA}
	EndGlobalSection
EndGlobal
